// !$*UTF8*$!
{
	archiveVersion = 1;
	classes = {
	};
	objectVersion = 56;
	objects = {

/* Begin PBXBuildFile section */
		9D94BEFA9280CCC098B32D83 /* Pods_project.framework in Frameworks */ = {isa = PBXBuildFile; fileRef = DA688B01CFC8B25A22073735 /* Pods_project.framework */; };
		C93FD7272C416AEE00BEFF0F /* AppDelegate.swift in Sources */ = {isa = PBXBuildFile; fileRef = C93FD7262C416AEE00BEFF0F /* AppDelegate.swift */; };
		C93FD7292C416AEE00BEFF0F /* SceneDelegate.swift in Sources */ = {isa = PBXBuildFile; fileRef = C93FD7282C416AEE00BEFF0F /* SceneDelegate.swift */; };
		C93FD72B2C416AEE00BEFF0F /* ViewController.swift in Sources */ = {isa = PBXBuildFile; fileRef = C93FD72A2C416AEE00BEFF0F /* ViewController.swift */; };
		C93FD7302C416AEF00BEFF0F /* Assets.xcassets in Resources */ = {isa = PBXBuildFile; fileRef = C93FD72F2C416AEF00BEFF0F /* Assets.xcassets */; };
		C9AA31BC2C53EA920097090B /* DetailChooseViewController.swift in Sources */ = {isa = PBXBuildFile; fileRef = C9AA31BB2C53EA920097090B /* DetailChooseViewController.swift */; };
		C9B81E7A2C5189020005B2BA /* ImageGalleryCell.swift in Sources */ = {isa = PBXBuildFile; fileRef = C9B81E792C5189020005B2BA /* ImageGalleryCell.swift */; };
		C9C53FBE2C5428DE00549C1B /* AddImageCell.swift in Sources */ = {isa = PBXBuildFile; fileRef = C9C53FBD2C5428DE00549C1B /* AddImageCell.swift */; };
		C9C53FC02C54387500549C1B /* AddImageViewController.swift in Sources */ = {isa = PBXBuildFile; fileRef = C9C53FBF2C54387500549C1B /* AddImageViewController.swift */; };
		C9C53FC52C54462E00549C1B /* LaunchScreen.storyboard in Resources */ = {isa = PBXBuildFile; fileRef = C9C53FC12C54462E00549C1B /* LaunchScreen.storyboard */; };
		C9C53FC62C54462E00549C1B /* Main.storyboard in Resources */ = {isa = PBXBuildFile; fileRef = C9C53FC32C54462E00549C1B /* Main.storyboard */; };
/* End PBXBuildFile section */

/* Begin PBXFileReference section */
		2061BF5EFAF435FD7D42BD2B /* Pods-project.debug.xcconfig */ = {isa = PBXFileReference; includeInIndex = 1; lastKnownFileType = text.xcconfig; name = "Pods-project.debug.xcconfig"; path = "Target Support Files/Pods-project/Pods-project.debug.xcconfig"; sourceTree = "<group>"; };
		B5FCDF369B443632D65877A5 /* Pods-project.release.xcconfig */ = {isa = PBXFileReference; includeInIndex = 1; lastKnownFileType = text.xcconfig; name = "Pods-project.release.xcconfig"; path = "Target Support Files/Pods-project/Pods-project.release.xcconfig"; sourceTree = "<group>"; };
		C93FD7232C416AEE00BEFF0F /* project.app */ = {isa = PBXFileReference; explicitFileType = wrapper.application; includeInIndex = 0; path = project.app; sourceTree = BUILT_PRODUCTS_DIR; };
		C93FD7262C416AEE00BEFF0F /* AppDelegate.swift */ = {isa = PBXFileReference; lastKnownFileType = sourcecode.swift; path = AppDelegate.swift; sourceTree = "<group>"; };
		C93FD7282C416AEE00BEFF0F /* SceneDelegate.swift */ = {isa = PBXFileReference; lastKnownFileType = sourcecode.swift; path = SceneDelegate.swift; sourceTree = "<group>"; };
		C93FD72A2C416AEE00BEFF0F /* ViewController.swift */ = {isa = PBXFileReference; lastKnownFileType = sourcecode.swift; path = ViewController.swift; sourceTree = "<group>"; };
		C93FD72F2C416AEF00BEFF0F /* Assets.xcassets */ = {isa = PBXFileReference; lastKnownFileType = folder.assetcatalog; path = Assets.xcassets; sourceTree = "<group>"; };
		C93FD7342C416AEF00BEFF0F /* Info.plist */ = {isa = PBXFileReference; lastKnownFileType = text.plist.xml; path = Info.plist; sourceTree = "<group>"; };
		C9AA31BB2C53EA920097090B /* DetailChooseViewController.swift */ = {isa = PBXFileReference; lastKnownFileType = sourcecode.swift; path = DetailChooseViewController.swift; sourceTree = "<group>"; };
		C9B81E792C5189020005B2BA /* ImageGalleryCell.swift */ = {isa = PBXFileReference; fileEncoding = 4; lastKnownFileType = sourcecode.swift; path = ImageGalleryCell.swift; sourceTree = "<group>"; };
		C9C53FBD2C5428DE00549C1B /* AddImageCell.swift */ = {isa = PBXFileReference; lastKnownFileType = sourcecode.swift; path = AddImageCell.swift; sourceTree = "<group>"; };
		C9C53FBF2C54387500549C1B /* AddImageViewController.swift */ = {isa = PBXFileReference; lastKnownFileType = sourcecode.swift; path = AddImageViewController.swift; sourceTree = "<group>"; };
		C9C53FC22C54462E00549C1B /* Base */ = {isa = PBXFileReference; lastKnownFileType = file.storyboard; name = Base; path = Base.lproj/LaunchScreen.storyboard; sourceTree = "<group>"; };
		C9C53FC42C54462E00549C1B /* Base */ = {isa = PBXFileReference; lastKnownFileType = file.storyboard; name = Base; path = Base.lproj/Main.storyboard; sourceTree = "<group>"; };
		DA688B01CFC8B25A22073735 /* Pods_project.framework */ = {isa = PBXFileReference; explicitFileType = wrapper.framework; includeInIndex = 0; path = Pods_project.framework; sourceTree = BUILT_PRODUCTS_DIR; };
/* End PBXFileReference section */

/* Begin PBXFrameworksBuildPhase section */
		C93FD7202C416AEE00BEFF0F /* Frameworks */ = {
			isa = PBXFrameworksBuildPhase;
			buildActionMask = 2147483647;
			files = (
				9D94BEFA9280CCC098B32D83 /* Pods_project.framework in Frameworks */,
			);
			runOnlyForDeploymentPostprocessing = 0;
		};
/* End PBXFrameworksBuildPhase section */

/* Begin PBXGroup section */
		2620238EDF729C7728E5A08C /* Frameworks */ = {
			isa = PBXGroup;
			children = (
				DA688B01CFC8B25A22073735 /* Pods_project.framework */,
			);
			name = Frameworks;
			sourceTree = "<group>";
		};
		C93FD71A2C416AEE00BEFF0F = {
			isa = PBXGroup;
			children = (
				C93FD7252C416AEE00BEFF0F /* project */,
				C93FD7242C416AEE00BEFF0F /* Products */,
				E242B3B951AAD978E9591B38 /* Pods */,
				2620238EDF729C7728E5A08C /* Frameworks */,
			);
			sourceTree = "<group>";
		};
		C93FD7242C416AEE00BEFF0F /* Products */ = {
			isa = PBXGroup;
			children = (
				C93FD7232C416AEE00BEFF0F /* project.app */,
			);
			name = Products;
			sourceTree = "<group>";
		};
		C93FD7252C416AEE00BEFF0F /* project */ = {
			isa = PBXGroup;
			children = (
				C93FD7262C416AEE00BEFF0F /* AppDelegate.swift */,
				C93FD7282C416AEE00BEFF0F /* SceneDelegate.swift */,
				C9B81E792C5189020005B2BA /* ImageGalleryCell.swift */,
				C9C53FBD2C5428DE00549C1B /* AddImageCell.swift */,
				C93FD72A2C416AEE00BEFF0F /* ViewController.swift */,
				C9C53FBF2C54387500549C1B /* AddImageViewController.swift */,
				C9AA31BB2C53EA920097090B /* DetailChooseViewController.swift */,
				C9C53FC12C54462E00549C1B /* LaunchScreen.storyboard */,
				C9C53FC32C54462E00549C1B /* Main.storyboard */,
				C93FD72F2C416AEF00BEFF0F /* Assets.xcassets */,
				C93FD7342C416AEF00BEFF0F /* Info.plist */,
			);
			path = project;
			sourceTree = "<group>";
		};
		E242B3B951AAD978E9591B38 /* Pods */ = {
			isa = PBXGroup;
			children = (
				2061BF5EFAF435FD7D42BD2B /* Pods-project.debug.xcconfig */,
				B5FCDF369B443632D65877A5 /* Pods-project.release.xcconfig */,
			);
			path = Pods;
			sourceTree = "<group>";
		};
/* End PBXGroup section */

/* Begin PBXNativeTarget section */
		C93FD7222C416AEE00BEFF0F /* project */ = {
			isa = PBXNativeTarget;
			buildConfigurationList = C93FD7372C416AEF00BEFF0F /* Build configuration list for PBXNativeTarget "project" */;
			buildPhases = (
				AF8C47FF378D70118A2F6DCB /* [CP] Check Pods Manifest.lock */,
				C93FD71F2C416AEE00BEFF0F /* Sources */,
				C93FD7202C416AEE00BEFF0F /* Frameworks */,
				C93FD7212C416AEE00BEFF0F /* Resources */,
				6F2F2D9AAB8EE186575035A6 /* [CP] Embed Pods Frameworks */,
			);
			buildRules = (
			);
			dependencies = (
			);
			name = project;
			productName = project;
			productReference = C93FD7232C416AEE00BEFF0F /* project.app */;
			productType = "com.apple.product-type.application";
		};
/* End PBXNativeTarget section */

/* Begin PBXProject section */
		C93FD71B2C416AEE00BEFF0F /* Project object */ = {
			isa = PBXProject;
			attributes = {
				BuildIndependentTargetsInParallel = 1;
				LastSwiftUpdateCheck = 1540;
				LastUpgradeCheck = 1540;
				TargetAttributes = {
					C93FD7222C416AEE00BEFF0F = {
						CreatedOnToolsVersion = 15.4;
					};
				};
			};
			buildConfigurationList = C93FD71E2C416AEE00BEFF0F /* Build configuration list for PBXProject "project" */;
			compatibilityVersion = "Xcode 14.0";
			developmentRegion = en;
			hasScannedForEncodings = 0;
			knownRegions = (
				en,
				Base,
			);
			mainGroup = C93FD71A2C416AEE00BEFF0F;
			productRefGroup = C93FD7242C416AEE00BEFF0F /* Products */;
			projectDirPath = "";
			projectRoot = "";
			targets = (
				C93FD7222C416AEE00BEFF0F /* project */,
			);
		};
/* End PBXProject section */

/* Begin PBXResourcesBuildPhase section */
		C93FD7212C416AEE00BEFF0F /* Resources */ = {
			isa = PBXResourcesBuildPhase;
			buildActionMask = 2147483647;
			files = (
				C9C53FC62C54462E00549C1B /* Main.storyboard in Resources */,
				C93FD7302C416AEF00BEFF0F /* Assets.xcassets in Resources */,
				C9C53FC52C54462E00549C1B /* LaunchScreen.storyboard in Resources */,
			);
			runOnlyForDeploymentPostprocessing = 0;
		};
/* End PBXResourcesBuildPhase section */

/* Begin PBXShellScriptBuildPhase section */
		6F2F2D9AAB8EE186575035A6 /* [CP] Embed Pods Frameworks */ = {
			isa = PBXShellScriptBuildPhase;
			buildActionMask = 2147483647;
			files = (
			);
			inputFileListPaths = (
				"${PODS_ROOT}/Target Support Files/Pods-project/Pods-project-frameworks-${CONFIGURATION}-input-files.xcfilelist",
			);
			name = "[CP] Embed Pods Frameworks";
			outputFileListPaths = (
				"${PODS_ROOT}/Target Support Files/Pods-project/Pods-project-frameworks-${CONFIGURATION}-output-files.xcfilelist",
			);
			runOnlyForDeploymentPostprocessing = 0;
			shellPath = /bin/sh;
			shellScript = "\"${PODS_ROOT}/Target Support Files/Pods-project/Pods-project-frameworks.sh\"\n";
			showEnvVarsInLog = 0;
		};
		AF8C47FF378D70118A2F6DCB /* [CP] Check Pods Manifest.lock */ = {
			isa = PBXShellScriptBuildPhase;
			buildActionMask = 2147483647;
			files = (
			);
			inputFileListPaths = (
			);
			inputPaths = (
				"${PODS_PODFILE_DIR_PATH}/Podfile.lock",
				"${PODS_ROOT}/Manifest.lock",
			);
			name = "[CP] Check Pods Manifest.lock";
			outputFileListPaths = (
			);
			outputPaths = (
				"$(DERIVED_FILE_DIR)/Pods-project-checkManifestLockResult.txt",
			);
			runOnlyForDeploymentPostprocessing = 0;
			shellPath = /bin/sh;
			shellScript = "diff \"${PODS_PODFILE_DIR_PATH}/Podfile.lock\" \"${PODS_ROOT}/Manifest.lock\" > /dev/null\nif [ $? != 0 ] ; then\n    # print error to STDERR\n    echo \"error: The sandbox is not in sync with the Podfile.lock. Run 'pod install' or update your CocoaPods installation.\" >&2\n    exit 1\nfi\n# This output is used by Xcode 'outputs' to avoid re-running this script phase.\necho \"SUCCESS\" > \"${SCRIPT_OUTPUT_FILE_0}\"\n";
			showEnvVarsInLog = 0;
		};
/* End PBXShellScriptBuildPhase section */

/* Begin PBXSourcesBuildPhase section */
		C93FD71F2C416AEE00BEFF0F /* Sources */ = {
			isa = PBXSourcesBuildPhase;
			buildActionMask = 2147483647;
			files = (
				C9B81E7A2C5189020005B2BA /* ImageGalleryCell.swift in Sources */,
				C93FD72B2C416AEE00BEFF0F /* ViewController.swift in Sources */,
				C93FD7272C416AEE00BEFF0F /* AppDelegate.swift in Sources */,
				C9C53FC02C54387500549C1B /* AddImageViewController.swift in Sources */,
				C93FD7292C416AEE00BEFF0F /* SceneDelegate.swift in Sources */,
				C9AA31BC2C53EA920097090B /* DetailChooseViewController.swift in Sources */,
				C9C53FBE2C5428DE00549C1B /* AddImageCell.swift in Sources */,
			);
			runOnlyForDeploymentPostprocessing = 0;
		};
/* End PBXSourcesBuildPhase section */

/* Begin PBXVariantGroup section */
		C9C53FC12C54462E00549C1B /* LaunchScreen.storyboard */ = {
			isa = PBXVariantGroup;
			children = (
				C9C53FC22C54462E00549C1B /* Base */,
			);
			name = LaunchScreen.storyboard;
			sourceTree = "<group>";
		};
		C9C53FC32C54462E00549C1B /* Main.storyboard */ = {
			isa = PBXVariantGroup;
			children = (
				C9C53FC42C54462E00549C1B /* Base */,
			);
			name = Main.storyboard;
			sourceTree = "<group>";
		};
/* End PBXVariantGroup section */

/* Begin XCBuildConfiguration section */
		C93FD7352C416AEF00BEFF0F /* Debug */ = {
			isa = XCBuildConfiguration;
			buildSettings = {
				ALWAYS_SEARCH_USER_PATHS = NO;
				ASSETCATALOG_COMPILER_GENERATE_SWIFT_ASSET_SYMBOL_EXTENSIONS = YES;
				CLANG_ANALYZER_NONNULL = YES;
				CLANG_ANALYZER_NUMBER_OBJECT_CONVERSION = YES_AGGRESSIVE;
				CLANG_CXX_LANGUAGE_STANDARD = "gnu++20";
				CLANG_ENABLE_MODULES = YES;
				CLANG_ENABLE_OBJC_ARC = YES;
				CLANG_ENABLE_OBJC_WEAK = YES;
				CLANG_WARN_BLOCK_CAPTURE_AUTORELEASING = YES;
				CLANG_WARN_BOOL_CONVERSION = YES;
				CLANG_WARN_COMMA = YES;
				CLANG_WARN_CONSTANT_CONVERSION = YES;
				CLANG_WARN_DEPRECATED_OBJC_IMPLEMENTATIONS = YES;
				CLANG_WARN_DIRECT_OBJC_ISA_USAGE = YES_ERROR;
				CLANG_WARN_DOCUMENTATION_COMMENTS = YES;
				CLANG_WARN_EMPTY_BODY = YES;
				CLANG_WARN_ENUM_CONVERSION = YES;
				CLANG_WARN_INFINITE_RECURSION = YES;
				CLANG_WARN_INT_CONVERSION = YES;
				CLANG_WARN_NON_LITERAL_NULL_CONVERSION = YES;
				CLANG_WARN_OBJC_IMPLICIT_RETAIN_SELF = YES;
				CLANG_WARN_OBJC_LITERAL_CONVERSION = YES;
				CLANG_WARN_OBJC_ROOT_CLASS = YES_ERROR;
				CLANG_WARN_QUOTED_INCLUDE_IN_FRAMEWORK_HEADER = YES;
				CLANG_WARN_RANGE_LOOP_ANALYSIS = YES;
				CLANG_WARN_STRICT_PROTOTYPES = YES;
				CLANG_WARN_SUSPICIOUS_MOVE = YES;
				CLANG_WARN_UNGUARDED_AVAILABILITY = YES_AGGRESSIVE;
				CLANG_WARN_UNREACHABLE_CODE = YES;
				CLANG_WARN__DUPLICATE_METHOD_MATCH = YES;
				COPY_PHASE_STRIP = NO;
				DEBUG_INFORMATION_FORMAT = dwarf;
				ENABLE_STRICT_OBJC_MSGSEND = YES;
				ENABLE_TESTABILITY = YES;
				ENABLE_USER_SCRIPT_SANDBOXING = NO;
				GCC_C_LANGUAGE_STANDARD = gnu17;
				GCC_DYNAMIC_NO_PIC = NO;
				GCC_NO_COMMON_BLOCKS = YES;
				GCC_OPTIMIZATION_LEVEL = 0;
				GCC_PREPROCESSOR_DEFINITIONS = (
					"DEBUG=1",
					"$(inherited)",
				);
				GCC_WARN_64_TO_32_BIT_CONVERSION = YES;
				GCC_WARN_ABOUT_RETURN_TYPE = YES_ERROR;
				GCC_WARN_UNDECLARED_SELECTOR = YES;
				GCC_WARN_UNINITIALIZED_AUTOS = YES_AGGRESSIVE;
				GCC_WARN_UNUSED_FUNCTION = YES;
				GCC_WARN_UNUSED_VARIABLE = YES;
				IPHONEOS_DEPLOYMENT_TARGET = 17.5;
				LOCALIZATION_PREFERS_STRING_CATALOGS = YES;
				MTL_ENABLE_DEBUG_INFO = INCLUDE_SOURCE;
				MTL_FAST_MATH = YES;
				ONLY_ACTIVE_ARCH = YES;
				SDKROOT = iphoneos;
				SWIFT_ACTIVE_COMPILATION_CONDITIONS = "DEBUG $(inherited)";
				SWIFT_OPTIMIZATION_LEVEL = "-Onone";
			};
			name = Debug;
		};
		C93FD7362C416AEF00BEFF0F /* Release */ = {
			isa = XCBuildConfiguration;
			buildSettings = {
				ALWAYS_SEARCH_USER_PATHS = NO;
				ASSETCATALOG_COMPILER_GENERATE_SWIFT_ASSET_SYMBOL_EXTENSIONS = YES;
				CLANG_ANALYZER_NONNULL = YES;
				CLANG_ANALYZER_NUMBER_OBJECT_CONVERSION = YES_AGGRESSIVE;
				CLANG_CXX_LANGUAGE_STANDARD = "gnu++20";
				CLANG_ENABLE_MODULES = YES;
				CLANG_ENABLE_OBJC_ARC = YES;
				CLANG_ENABLE_OBJC_WEAK = YES;
				CLANG_WARN_BLOCK_CAPTURE_AUTORELEASING = YES;
				CLANG_WARN_BOOL_CONVERSION = YES;
				CLANG_WARN_COMMA = YES;
				CLANG_WARN_CONSTANT_CONVERSION = YES;
				CLANG_WARN_DEPRECATED_OBJC_IMPLEMENTATIONS = YES;
				CLANG_WARN_DIRECT_OBJC_ISA_USAGE = YES_ERROR;
				CLANG_WARN_DOCUMENTATION_COMMENTS = YES;
				CLANG_WARN_EMPTY_BODY = YES;
				CLANG_WARN_ENUM_CONVERSION = YES;
				CLANG_WARN_INFINITE_RECURSION = YES;
				CLANG_WARN_INT_CONVERSION = YES;
				CLANG_WARN_NON_LITERAL_NULL_CONVERSION = YES;
				CLANG_WARN_OBJC_IMPLICIT_RETAIN_SELF = YES;
				CLANG_WARN_OBJC_LITERAL_CONVERSION = YES;
				CLANG_WARN_OBJC_ROOT_CLASS = YES_ERROR;
				CLANG_WARN_QUOTED_INCLUDE_IN_FRAMEWORK_HEADER = YES;
				CLANG_WARN_RANGE_LOOP_ANALYSIS = YES;
				CLANG_WARN_STRICT_PROTOTYPES = YES;
				CLANG_WARN_SUSPICIOUS_MOVE = YES;
				CLANG_WARN_UNGUARDED_AVAILABILITY = YES_AGGRESSIVE;
				CLANG_WARN_UNREACHABLE_CODE = YES;
				CLANG_WARN__DUPLICATE_METHOD_MATCH = YES;
				COPY_PHASE_STRIP = NO;
				DEBUG_INFORMATION_FORMAT = "dwarf-with-dsym";
				ENABLE_NS_ASSERTIONS = NO;
				ENABLE_STRICT_OBJC_MSGSEND = YES;
				ENABLE_USER_SCRIPT_SANDBOXING = NO;
				GCC_C_LANGUAGE_STANDARD = gnu17;
				GCC_NO_COMMON_BLOCKS = YES;
				GCC_WARN_64_TO_32_BIT_CONVERSION = YES;
				GCC_WARN_ABOUT_RETURN_TYPE = YES_ERROR;
				GCC_WARN_UNDECLARED_SELECTOR = YES;
				GCC_WARN_UNINITIALIZED_AUTOS = YES_AGGRESSIVE;
				GCC_WARN_UNUSED_FUNCTION = YES;
				GCC_WARN_UNUSED_VARIABLE = YES;
				IPHONEOS_DEPLOYMENT_TARGET = 17.5;
				LOCALIZATION_PREFERS_STRING_CATALOGS = YES;
				MTL_ENABLE_DEBUG_INFO = NO;
				MTL_FAST_MATH = YES;
				SDKROOT = iphoneos;
				SWIFT_COMPILATION_MODE = wholemodule;
				VALIDATE_PRODUCT = YES;
			};
			name = Release;
		};
		C93FD7382C416AEF00BEFF0F /* Debug */ = {
			isa = XCBuildConfiguration;
			baseConfigurationReference = 2061BF5EFAF435FD7D42BD2B /* Pods-project.debug.xcconfig */;
			buildSettings = {
				ASSETCATALOG_COMPILER_APPICON_NAME = AppIcon;
				ASSETCATALOG_COMPILER_GLOBAL_ACCENT_COLOR_NAME = AccentColor;
				CODE_SIGN_STYLE = Automatic;
				CURRENT_PROJECT_VERSION = 1;
				DEVELOPMENT_TEAM = 4K8QZW2G7D;
				GENERATE_INFOPLIST_FILE = YES;
				INFOPLIST_FILE = project/Info.plist;
				INFOPLIST_KEY_UIApplicationSupportsIndirectInputEvents = YES;
				INFOPLIST_KEY_UILaunchStoryboardName = LaunchScreen;
				INFOPLIST_KEY_UIMainStoryboardFile = Main;
				INFOPLIST_KEY_UISupportedInterfaceOrientations_iPad = "UIInterfaceOrientationPortrait UIInterfaceOrientationPortraitUpsideDown UIInterfaceOrientationLandscapeLeft UIInterfaceOrientationLandscapeRight";
				INFOPLIST_KEY_UISupportedInterfaceOrientations_iPhone = "UIInterfaceOrientationPortrait UIInterfaceOrientationLandscapeLeft UIInterfaceOrientationLandscapeRight";
				LD_RUNPATH_SEARCH_PATHS = (
					"$(inherited)",
					"@executable_path/Frameworks",
				);
				MARKETING_VERSION = 1.0;
				PRODUCT_BUNDLE_IDENTIFIER = me.project;
				PRODUCT_NAME = "$(TARGET_NAME)";
				SWIFT_EMIT_LOC_STRINGS = YES;
				SWIFT_VERSION = 5.0;
				TARGETED_DEVICE_FAMILY = "1,2";
			};
			name = Debug;
		};
		C93FD7392C416AEF00BEFF0F /* Release */ = {
			isa = XCBuildConfiguration;
			baseConfigurationReference = B5FCDF369B443632D65877A5 /* Pods-project.release.xcconfig */;
			buildSettings = {
				ASSETCATALOG_COMPILER_APPICON_NAME = AppIcon;
				ASSETCATALOG_COMPILER_GLOBAL_ACCENT_COLOR_NAME = AccentColor;
				CODE_SIGN_STYLE = Automatic;
				CURRENT_PROJECT_VERSION = 1;
				DEVELOPMENT_TEAM = 4K8QZW2G7D;
				GENERATE_INFOPLIST_FILE = YES;
				INFOPLIST_FILE = project/Info.plist;
				INFOPLIST_KEY_UIApplicationSupportsIndirectInputEvents = YES;
				INFOPLIST_KEY_UILaunchStoryboardName = LaunchScreen;
				INFOPLIST_KEY_UIMainStoryboardFile = Main;
				INFOPLIST_KEY_UISupportedInterfaceOrientations_iPad = "UIInterfaceOrientationPortrait UIInterfaceOrientationPortraitUpsideDown UIInterfaceOrientationLandscapeLeft UIInterfaceOrientationLandscapeRight";
				INFOPLIST_KEY_UISupportedInterfaceOrientations_iPhone = "UIInterfaceOrientationPortrait UIInterfaceOrientationLandscapeLeft UIInterfaceOrientationLandscapeRight";
				LD_RUNPATH_SEARCH_PATHS = (
					"$(inherited)",
					"@executable_path/Frameworks",
				);
				MARKETING_VERSION = 1.0;
				PRODUCT_BUNDLE_IDENTIFIER = me.project;
				PRODUCT_NAME = "$(TARGET_NAME)";
				SWIFT_EMIT_LOC_STRINGS = YES;
				SWIFT_VERSION = 5.0;
				TARGETED_DEVICE_FAMILY = "1,2";
			};
			name = Release;
		};
/* End XCBuildConfiguration section */

/* Begin XCConfigurationList section */
		C93FD71E2C416AEE00BEFF0F /* Build configuration list for PBXProject "project" */ = {
			isa = XCConfigurationList;
			buildConfigurations = (
				C93FD7352C416AEF00BEFF0F /* Debug */,
				C93FD7362C416AEF00BEFF0F /* Release */,
			);
			defaultConfigurationIsVisible = 0;
			defaultConfigurationName = Release;
		};
		C93FD7372C416AEF00BEFF0F /* Build configuration list for PBXNativeTarget "project" */ = {
			isa = XCConfigurationList;
			buildConfigurations = (
				C93FD7382C416AEF00BEFF0F /* Debug */,
				C93FD7392C416AEF00BEFF0F /* Release */,
			);
			defaultConfigurationIsVisible = 0;
			defaultConfigurationName = Release;
		};
/* End XCConfigurationList section */
	};
	rootObject = C93FD71B2C416AEE00BEFF0F /* Project object */;
}
